Microsoft Visual Studio Solution File, Format Version 12.00
# Visual Studio Version 17
VisualStudioVersion = 17.5.2.0
MinimumVisualStudioVersion = 10.0.40219.1
Project("{FAE04EC0-301F-11D3-BF4B-00C04F79EFBC}") = "be-poc", "be-poc.csproj", "{132E7ED1-80D4-A1AE-7702-5505EBBA94B2}"
EndProject
Global
	GlobalSection(SolutionConfigurationPlatforms) = preSolution
		Debug|Any CPU = Debug|Any CPU
		Release|Any CPU = Release|Any CPU
	EndGlobalSection
	GlobalSection(ProjectConfigurationPlatforms) = postSolution
		{132E7ED1-80D4-A1AE-7702-5505EBBA94B2}.Debug|Any CPU.ActiveCfg = Debug|Any CPU
		{132E7ED1-80D4-A1AE-7702-5505EBBA94B2}.Debug|Any CPU.Build.0 = Debug|Any CPU
		{132E7ED1-80D4-A1AE-7702-5505EBBA94B2}.Release|Any CPU.ActiveCfg = Release|Any CPU
		{132E7ED1-80D4-A1AE-7702-5505EBBA94B2}.Release|Any CPU.Build.0 = Release|Any CPU
	EndGlobalSection
	GlobalSection(SolutionProperties) = preSolution
		HideSolutionNode = FALSE
	EndGlobalSection
	GlobalSection(ExtensibilityGlobals) = postSolution
		SolutionGuid = {2D4A1263-E05C-448D-AA34-442D26B048CC}
	EndGlobalSection
EndGlobal
